
Microsoft Visual Studio Solution File, Format Version 12.00
# Visual Studio Version 17
VisualStudioVersion = 17.4.33205.214
MinimumVisualStudioVersion = 10.0.40219.1
Project("{FAE04EC0-301F-11D3-BF4B-00C04F79EFBC}") = "ConsoleApp1", "ConsoleApp1.csproj", "{EF7EDB68-BF2A-4F04-AC47-E3249EC9014A}"
EndProject
Global
	GlobalSection(SolutionConfigurationPlatforms) = preSolution
		Debug|Any CPU = Debug|Any CPU
		Release|Any CPU = Release|Any CPU
	EndGlobalSection
	GlobalSection(ProjectConfigurationPlatforms) = postSolution
		{EF7EDB68-BF2A-4F04-AC47-E3249EC9014A}.Debug|Any CPU.ActiveCfg = Debug|Any CPU
		{EF7EDB68-BF2A-4F04-AC47-E3249EC9014A}.Debug|Any CPU.Build.0 = Debug|Any CPU
		{EF7EDB68-BF2A-4F04-AC47-E3249EC9014A}.Release|Any CPU.ActiveCfg = Release|Any CPU
		{EF7EDB68-BF2A-4F04-AC47-E3249EC9014A}.Release|Any CPU.Build.0 = Release|Any CPU
	EndGlobalSection
	GlobalSection(SolutionProperties) = preSolution
		HideSolutionNode = FALSE
	EndGlobalSection
	GlobalSection(ExtensibilityGlobals) = postSolution
		SolutionGuid = {598C8958-886B-45D8-8E49-C3798BF9860E}
	EndGlobalSection
EndGlobal
